Microsoft Visual Studio Solution File, Format Version 12.00
# Visual Studio 2012
Project("{FAE04EC0-301F-11D3-BF4B-00C04F79EFBC}") = "Pkmn_Engine_C_Sharp", "Pkmn_Engine_C_Sharp.csproj", "{FEC39D81-14F7-477F-A856-4949728B54EA}"
EndProject
Global
	GlobalSection(SolutionConfigurationPlatforms) = preSolution
	Debug|Any CPU = Debug|Any CPU
	ExportDebug|Any CPU = ExportDebug|Any CPU
	ExportRelease|Any CPU = ExportRelease|Any CPU
	EndGlobalSection
	GlobalSection(ProjectConfigurationPlatforms) = postSolution
		{FEC39D81-14F7-477F-A856-4949728B54EA}.Debug|Any CPU.ActiveCfg = Debug|Any CPU
		{FEC39D81-14F7-477F-A856-4949728B54EA}.Debug|Any CPU.Build.0 = Debug|Any CPU
		{FEC39D81-14F7-477F-A856-4949728B54EA}.ExportDebug|Any CPU.ActiveCfg = ExportDebug|Any CPU
		{FEC39D81-14F7-477F-A856-4949728B54EA}.ExportDebug|Any CPU.Build.0 = ExportDebug|Any CPU
		{FEC39D81-14F7-477F-A856-4949728B54EA}.ExportRelease|Any CPU.ActiveCfg = ExportRelease|Any CPU
		{FEC39D81-14F7-477F-A856-4949728B54EA}.ExportRelease|Any CPU.Build.0 = ExportRelease|Any CPU
	EndGlobalSection
EndGlobal
